// !$*UTF8*$!
{
	archiveVersion = 1;
	classes = {
	};
	objectVersion = 55;
	objects = {

/* Begin PBXBuildFile section */
		F41655D32771595300C48A93 /* InternetConnectionObserver.swift in Sources */ = {isa = PBXBuildFile; fileRef = F41655D22771595300C48A93 /* InternetConnectionObserver.swift */; };
		F41655D527715C2E00C48A93 /* Constants.swift in Sources */ = {isa = PBXBuildFile; fileRef = F41655D427715C2E00C48A93 /* Constants.swift */; };
		F4A5C2AD276D1D7C00AECBC2 /* AppDelegate.swift in Sources */ = {isa = PBXBuildFile; fileRef = F4A5C2AC276D1D7C00AECBC2 /* AppDelegate.swift */; };
		F4A5C2AF276D1D7C00AECBC2 /* SceneDelegate.swift in Sources */ = {isa = PBXBuildFile; fileRef = F4A5C2AE276D1D7C00AECBC2 /* SceneDelegate.swift */; };
		F4A5C2B1276D1D7C00AECBC2 /* MainViewController.swift in Sources */ = {isa = PBXBuildFile; fileRef = F4A5C2B0276D1D7C00AECBC2 /* MainViewController.swift */; };
		F4A5C2B6276D1D7F00AECBC2 /* Assets.xcassets in Resources */ = {isa = PBXBuildFile; fileRef = F4A5C2B5276D1D7F00AECBC2 /* Assets.xcassets */; };
		F4A5C2B9276D1D7F00AECBC2 /* LaunchScreen.storyboard in Resources */ = {isa = PBXBuildFile; fileRef = F4A5C2B7276D1D7F00AECBC2 /* LaunchScreen.storyboard */; };
		F4A5C2C1276D222500AECBC2 /* UIView + Extension.swift in Sources */ = {isa = PBXBuildFile; fileRef = F4A5C2C0276D222500AECBC2 /* UIView + Extension.swift */; };
		F4E33657276FCD62005665B7 /* NetworkManager.swift in Sources */ = {isa = PBXBuildFile; fileRef = F4E33656276FCD62005665B7 /* NetworkManager.swift */; };
		F4E3365A276FCE20005665B7 /* SearchModel.swift in Sources */ = {isa = PBXBuildFile; fileRef = F4E33659276FCE20005665B7 /* SearchModel.swift */; };
		F4E33660276FD03C005665B7 /* UIViewController + Extension.swift in Sources */ = {isa = PBXBuildFile; fileRef = F4E3365F276FD03C005665B7 /* UIViewController + Extension.swift */; };
		F4E33662276FD66A005665B7 /* UIStackView + Extension.swift in Sources */ = {isa = PBXBuildFile; fileRef = F4E33661276FD66A005665B7 /* UIStackView + Extension.swift */; };
		F4E33664276FDCC7005665B7 /* UIButton + Extension.swift in Sources */ = {isa = PBXBuildFile; fileRef = F4E33663276FDCC7005665B7 /* UIButton + Extension.swift */; };
		F4E33666276FEA14005665B7 /* APIConstants.swift in Sources */ = {isa = PBXBuildFile; fileRef = F4E33665276FEA14005665B7 /* APIConstants.swift */; };
		F4E33669276FFA6E005665B7 /* NetworkError.swift in Sources */ = {isa = PBXBuildFile; fileRef = F4E33668276FFA6E005665B7 /* NetworkError.swift */; };
		F4E3366B277011E0005665B7 /* SearchService.swift in Sources */ = {isa = PBXBuildFile; fileRef = F4E3366A277011E0005665B7 /* SearchService.swift */; };
		F4E3366E2770178E005665B7 /* MainDelegate.swift in Sources */ = {isa = PBXBuildFile; fileRef = F4E3366D2770178E005665B7 /* MainDelegate.swift */; };
		F4E336712771007F005665B7 /* Cell.swift in Sources */ = {isa = PBXBuildFile; fileRef = F4E336702771007F005665B7 /* Cell.swift */; };
/* End PBXBuildFile section */

/* Begin PBXFileReference section */
		F41655D22771595300C48A93 /* InternetConnectionObserver.swift */ = {isa = PBXFileReference; lastKnownFileType = sourcecode.swift; path = InternetConnectionObserver.swift; sourceTree = "<group>"; };
		F41655D427715C2E00C48A93 /* Constants.swift */ = {isa = PBXFileReference; lastKnownFileType = sourcecode.swift; path = Constants.swift; sourceTree = "<group>"; };
		F4A5C2A9276D1D7C00AECBC2 /* GoogleSearch.app */ = {isa = PBXFileReference; explicitFileType = wrapper.application; includeInIndex = 0; path = GoogleSearch.app; sourceTree = BUILT_PRODUCTS_DIR; };
		F4A5C2AC276D1D7C00AECBC2 /* AppDelegate.swift */ = {isa = PBXFileReference; lastKnownFileType = sourcecode.swift; path = AppDelegate.swift; sourceTree = "<group>"; };
		F4A5C2AE276D1D7C00AECBC2 /* SceneDelegate.swift */ = {isa = PBXFileReference; lastKnownFileType = sourcecode.swift; path = SceneDelegate.swift; sourceTree = "<group>"; };
		F4A5C2B0276D1D7C00AECBC2 /* MainViewController.swift */ = {isa = PBXFileReference; lastKnownFileType = sourcecode.swift; path = MainViewController.swift; sourceTree = "<group>"; };
		F4A5C2B5276D1D7F00AECBC2 /* Assets.xcassets */ = {isa = PBXFileReference; lastKnownFileType = folder.assetcatalog; path = Assets.xcassets; sourceTree = "<group>"; };
		F4A5C2B8276D1D7F00AECBC2 /* Base */ = {isa = PBXFileReference; lastKnownFileType = file.storyboard; name = Base; path = Base.lproj/LaunchScreen.storyboard; sourceTree = "<group>"; };
		F4A5C2BA276D1D7F00AECBC2 /* Info.plist */ = {isa = PBXFileReference; lastKnownFileType = text.plist.xml; path = Info.plist; sourceTree = "<group>"; };
		F4A5C2C0276D222500AECBC2 /* UIView + Extension.swift */ = {isa = PBXFileReference; lastKnownFileType = sourcecode.swift; path = "UIView + Extension.swift"; sourceTree = "<group>"; };
		F4E33656276FCD62005665B7 /* NetworkManager.swift */ = {isa = PBXFileReference; lastKnownFileType = sourcecode.swift; path = NetworkManager.swift; sourceTree = "<group>"; };
		F4E33659276FCE20005665B7 /* SearchModel.swift */ = {isa = PBXFileReference; lastKnownFileType = sourcecode.swift; path = SearchModel.swift; sourceTree = "<group>"; };
		F4E3365F276FD03C005665B7 /* UIViewController + Extension.swift */ = {isa = PBXFileReference; lastKnownFileType = sourcecode.swift; path = "UIViewController + Extension.swift"; sourceTree = "<group>"; };
		F4E33661276FD66A005665B7 /* UIStackView + Extension.swift */ = {isa = PBXFileReference; lastKnownFileType = sourcecode.swift; path = "UIStackView + Extension.swift"; sourceTree = "<group>"; };
		F4E33663276FDCC7005665B7 /* UIButton + Extension.swift */ = {isa = PBXFileReference; lastKnownFileType = sourcecode.swift; path = "UIButton + Extension.swift"; sourceTree = "<group>"; };
		F4E33665276FEA14005665B7 /* APIConstants.swift */ = {isa = PBXFileReference; lastKnownFileType = sourcecode.swift; path = APIConstants.swift; sourceTree = "<group>"; };
		F4E33668276FFA6E005665B7 /* NetworkError.swift */ = {isa = PBXFileReference; lastKnownFileType = sourcecode.swift; path = NetworkError.swift; sourceTree = "<group>"; };
		F4E3366A277011E0005665B7 /* SearchService.swift */ = {isa = PBXFileReference; lastKnownFileType = sourcecode.swift; path = SearchService.swift; sourceTree = "<group>"; };
		F4E3366D2770178E005665B7 /* MainDelegate.swift */ = {isa = PBXFileReference; lastKnownFileType = sourcecode.swift; path = MainDelegate.swift; sourceTree = "<group>"; };
		F4E336702771007F005665B7 /* Cell.swift */ = {isa = PBXFileReference; lastKnownFileType = sourcecode.swift; path = Cell.swift; sourceTree = "<group>"; };
/* End PBXFileReference section */

/* Begin PBXFrameworksBuildPhase section */
		F4A5C2A6276D1D7C00AECBC2 /* Frameworks */ = {
			isa = PBXFrameworksBuildPhase;
			buildActionMask = 2147483647;
			files = (
			);
			runOnlyForDeploymentPostprocessing = 0;
		};
/* End PBXFrameworksBuildPhase section */

/* Begin PBXGroup section */
		F4A5C2A0276D1D7C00AECBC2 = {
			isa = PBXGroup;
			children = (
				F4A5C2AB276D1D7C00AECBC2 /* GoogleSearch */,
				F4A5C2AA276D1D7C00AECBC2 /* Products */,
			);
			sourceTree = "<group>";
		};
		F4A5C2AA276D1D7C00AECBC2 /* Products */ = {
			isa = PBXGroup;
			children = (
				F4A5C2A9276D1D7C00AECBC2 /* GoogleSearch.app */,
			);
			name = Products;
			sourceTree = "<group>";
		};
		F4A5C2AB276D1D7C00AECBC2 /* GoogleSearch */ = {
			isa = PBXGroup;
			children = (
				F4E33653276FC5AF005665B7 /* App */,
				F4E3366F27701799005665B7 /* Protocol */,
				F4E3365D276FCEE2005665B7 /* Model */,
				F4E3365E276FCEF1005665B7 /* View */,
				F4E3366C277011E8005665B7 /* Services */,
				F4E33658276FCD6F005665B7 /* Managers */,
				F4A5C2C2276D223B00AECBC2 /* Extensions */,
				F4A5C2B7276D1D7F00AECBC2 /* LaunchScreen.storyboard */,
				F4A5C2B5276D1D7F00AECBC2 /* Assets.xcassets */,
				F4A5C2BA276D1D7F00AECBC2 /* Info.plist */,
			);
			path = GoogleSearch;
			sourceTree = "<group>";
		};
		F4A5C2C2276D223B00AECBC2 /* Extensions */ = {
			isa = PBXGroup;
			children = (
				F4A5C2C0276D222500AECBC2 /* UIView + Extension.swift */,
				F4E3365F276FD03C005665B7 /* UIViewController + Extension.swift */,
				F4E33661276FD66A005665B7 /* UIStackView + Extension.swift */,
				F4E33663276FDCC7005665B7 /* UIButton + Extension.swift */,
				F41655D427715C2E00C48A93 /* Constants.swift */,
			);
			path = Extensions;
			sourceTree = "<group>";
		};
		F4E33653276FC5AF005665B7 /* App */ = {
			isa = PBXGroup;
			children = (
				F4A5C2AC276D1D7C00AECBC2 /* AppDelegate.swift */,
				F4A5C2AE276D1D7C00AECBC2 /* SceneDelegate.swift */,
			);
			path = App;
			sourceTree = "<group>";
		};
		F4E33658276FCD6F005665B7 /* Managers */ = {
			isa = PBXGroup;
			children = (
				F4E33656276FCD62005665B7 /* NetworkManager.swift */,
				F4E33665276FEA14005665B7 /* APIConstants.swift */,
				F4E33668276FFA6E005665B7 /* NetworkError.swift */,
				F41655D22771595300C48A93 /* InternetConnectionObserver.swift */,
			);
			path = Managers;
			sourceTree = "<group>";
		};
		F4E3365D276FCEE2005665B7 /* Model */ = {
			isa = PBXGroup;
			children = (
				F4E33659276FCE20005665B7 /* SearchModel.swift */,
			);
			path = Model;
			sourceTree = "<group>";
		};
		F4E3365E276FCEF1005665B7 /* View */ = {
			isa = PBXGroup;
			children = (
				F4A5C2B0276D1D7C00AECBC2 /* MainViewController.swift */,
				F4E336702771007F005665B7 /* Cell.swift */,
			);
			path = View;
			sourceTree = "<group>";
		};
		F4E3366C277011E8005665B7 /* Services */ = {
			isa = PBXGroup;
			children = (
				F4E3366A277011E0005665B7 /* SearchService.swift */,
			);
			path = Services;
			sourceTree = "<group>";
		};
		F4E3366F27701799005665B7 /* Protocol */ = {
			isa = PBXGroup;
			children = (
				F4E3366D2770178E005665B7 /* MainDelegate.swift */,
			);
			path = Protocol;
			sourceTree = "<group>";
		};
/* End PBXGroup section */

/* Begin PBXNativeTarget section */
		F4A5C2A8276D1D7C00AECBC2 /* GoogleSearch */ = {
			isa = PBXNativeTarget;
			buildConfigurationList = F4A5C2BD276D1D7F00AECBC2 /* Build configuration list for PBXNativeTarget "GoogleSearch" */;
			buildPhases = (
				F4A5C2A5276D1D7C00AECBC2 /* Sources */,
				F4A5C2A6276D1D7C00AECBC2 /* Frameworks */,
				F4A5C2A7276D1D7C00AECBC2 /* Resources */,
			);
			buildRules = (
			);
			dependencies = (
			);
			name = GoogleSearch;
			productName = GoogleSearch;
			productReference = F4A5C2A9276D1D7C00AECBC2 /* GoogleSearch.app */;
			productType = "com.apple.product-type.application";
		};
/* End PBXNativeTarget section */

/* Begin PBXProject section */
		F4A5C2A1276D1D7C00AECBC2 /* Project object */ = {
			isa = PBXProject;
			attributes = {
				BuildIndependentTargetsInParallel = 1;
				LastSwiftUpdateCheck = 1310;
				LastUpgradeCheck = 1310;
				TargetAttributes = {
					F4A5C2A8276D1D7C00AECBC2 = {
						CreatedOnToolsVersion = 13.1;
					};
				};
			};
			buildConfigurationList = F4A5C2A4276D1D7C00AECBC2 /* Build configuration list for PBXProject "GoogleSearch" */;
			compatibilityVersion = "Xcode 13.0";
			developmentRegion = en;
			hasScannedForEncodings = 0;
			knownRegions = (
				en,
				Base,
			);
			mainGroup = F4A5C2A0276D1D7C00AECBC2;
			productRefGroup = F4A5C2AA276D1D7C00AECBC2 /* Products */;
			projectDirPath = "";
			projectRoot = "";
			targets = (
				F4A5C2A8276D1D7C00AECBC2 /* GoogleSearch */,
			);
		};
/* End PBXProject section */

/* Begin PBXResourcesBuildPhase section */
		F4A5C2A7276D1D7C00AECBC2 /* Resources */ = {
			isa = PBXResourcesBuildPhase;
			buildActionMask = 2147483647;
			files = (
				F4A5C2B9276D1D7F00AECBC2 /* LaunchScreen.storyboard in Resources */,
				F4A5C2B6276D1D7F00AECBC2 /* Assets.xcassets in Resources */,
			);
			runOnlyForDeploymentPostprocessing = 0;
		};
/* End PBXResourcesBuildPhase section */

/* Begin PBXSourcesBuildPhase section */
		F4A5C2A5276D1D7C00AECBC2 /* Sources */ = {
			isa = PBXSourcesBuildPhase;
			buildActionMask = 2147483647;
			files = (
				F4E33657276FCD62005665B7 /* NetworkManager.swift in Sources */,
				F4E33660276FD03C005665B7 /* UIViewController + Extension.swift in Sources */,
				F4E33664276FDCC7005665B7 /* UIButton + Extension.swift in Sources */,
				F4E3366E2770178E005665B7 /* MainDelegate.swift in Sources */,
				F4A5C2C1276D222500AECBC2 /* UIView + Extension.swift in Sources */,
				F4E33669276FFA6E005665B7 /* NetworkError.swift in Sources */,
				F41655D32771595300C48A93 /* InternetConnectionObserver.swift in Sources */,
				F41655D527715C2E00C48A93 /* Constants.swift in Sources */,
				F4A5C2B1276D1D7C00AECBC2 /* MainViewController.swift in Sources */,
				F4E3365A276FCE20005665B7 /* SearchModel.swift in Sources */,
				F4E33666276FEA14005665B7 /* APIConstants.swift in Sources */,
				F4E336712771007F005665B7 /* Cell.swift in Sources */,
				F4E33662276FD66A005665B7 /* UIStackView + Extension.swift in Sources */,
				F4A5C2AD276D1D7C00AECBC2 /* AppDelegate.swift in Sources */,
				F4A5C2AF276D1D7C00AECBC2 /* SceneDelegate.swift in Sources */,
				F4E3366B277011E0005665B7 /* SearchService.swift in Sources */,
			);
			runOnlyForDeploymentPostprocessing = 0;
		};
/* End PBXSourcesBuildPhase section */

/* Begin PBXVariantGroup section */
		F4A5C2B7276D1D7F00AECBC2 /* LaunchScreen.storyboard */ = {
			isa = PBXVariantGroup;
			children = (
				F4A5C2B8276D1D7F00AECBC2 /* Base */,
			);
			name = LaunchScreen.storyboard;
			sourceTree = "<group>";
		};
/* End PBXVariantGroup section */

/* Begin XCBuildConfiguration section */
		F4A5C2BB276D1D7F00AECBC2 /* Debug */ = {
			isa = XCBuildConfiguration;
			buildSettings = {
				ALWAYS_SEARCH_USER_PATHS = NO;
				CLANG_ANALYZER_NONNULL = YES;
				CLANG_ANALYZER_NUMBER_OBJECT_CONVERSION = YES_AGGRESSIVE;
				CLANG_CXX_LANGUAGE_STANDARD = "gnu++17";
				CLANG_CXX_LIBRARY = "libc++";
				CLANG_ENABLE_MODULES = YES;
				CLANG_ENABLE_OBJC_ARC = YES;
				CLANG_ENABLE_OBJC_WEAK = YES;
				CLANG_WARN_BLOCK_CAPTURE_AUTORELEASING = YES;
				CLANG_WARN_BOOL_CONVERSION = YES;
				CLANG_WARN_COMMA = YES;
				CLANG_WARN_CONSTANT_CONVERSION = YES;
				CLANG_WARN_DEPRECATED_OBJC_IMPLEMENTATIONS = YES;
				CLANG_WARN_DIRECT_OBJC_ISA_USAGE = YES_ERROR;
				CLANG_WARN_DOCUMENTATION_COMMENTS = YES;
				CLANG_WARN_EMPTY_BODY = YES;
				CLANG_WARN_ENUM_CONVERSION = YES;
				CLANG_WARN_INFINITE_RECURSION = YES;
				CLANG_WARN_INT_CONVERSION = YES;
				CLANG_WARN_NON_LITERAL_NULL_CONVERSION = YES;
				CLANG_WARN_OBJC_IMPLICIT_RETAIN_SELF = YES;
				CLANG_WARN_OBJC_LITERAL_CONVERSION = YES;
				CLANG_WARN_OBJC_ROOT_CLASS = YES_ERROR;
				CLANG_WARN_QUOTED_INCLUDE_IN_FRAMEWORK_HEADER = YES;
				CLANG_WARN_RANGE_LOOP_ANALYSIS = YES;
				CLANG_WARN_STRICT_PROTOTYPES = YES;
				CLANG_WARN_SUSPICIOUS_MOVE = YES;
				CLANG_WARN_UNGUARDED_AVAILABILITY = YES_AGGRESSIVE;
				CLANG_WARN_UNREACHABLE_CODE = YES;
				CLANG_WARN__DUPLICATE_METHOD_MATCH = YES;
				COPY_PHASE_STRIP = NO;
				DEBUG_INFORMATION_FORMAT = dwarf;
				ENABLE_STRICT_OBJC_MSGSEND = YES;
				ENABLE_TESTABILITY = YES;
				GCC_C_LANGUAGE_STANDARD = gnu11;
				GCC_DYNAMIC_NO_PIC = NO;
				GCC_NO_COMMON_BLOCKS = YES;
				GCC_OPTIMIZATION_LEVEL = 0;
				GCC_PREPROCESSOR_DEFINITIONS = (
					"DEBUG=1",
					"$(inherited)",
				);
				GCC_WARN_64_TO_32_BIT_CONVERSION = YES;
				GCC_WARN_ABOUT_RETURN_TYPE = YES_ERROR;
				GCC_WARN_UNDECLARED_SELECTOR = YES;
				GCC_WARN_UNINITIALIZED_AUTOS = YES_AGGRESSIVE;
				GCC_WARN_UNUSED_FUNCTION = YES;
				GCC_WARN_UNUSED_VARIABLE = YES;
				IPHONEOS_DEPLOYMENT_TARGET = 15.0;
				MTL_ENABLE_DEBUG_INFO = INCLUDE_SOURCE;
				MTL_FAST_MATH = YES;
				ONLY_ACTIVE_ARCH = YES;
				SDKROOT = iphoneos;
				SWIFT_ACTIVE_COMPILATION_CONDITIONS = DEBUG;
				SWIFT_OPTIMIZATION_LEVEL = "-Onone";
			};
			name = Debug;
		};
		F4A5C2BC276D1D7F00AECBC2 /* Release */ = {
			isa = XCBuildConfiguration;
			buildSettings = {
				ALWAYS_SEARCH_USER_PATHS = NO;
				CLANG_ANALYZER_NONNULL = YES;
				CLANG_ANALYZER_NUMBER_OBJECT_CONVERSION = YES_AGGRESSIVE;
				CLANG_CXX_LANGUAGE_STANDARD = "gnu++17";
				CLANG_CXX_LIBRARY = "libc++";
				CLANG_ENABLE_MODULES = YES;
				CLANG_ENABLE_OBJC_ARC = YES;
				CLANG_ENABLE_OBJC_WEAK = YES;
				CLANG_WARN_BLOCK_CAPTURE_AUTORELEASING = YES;
				CLANG_WARN_BOOL_CONVERSION = YES;
				CLANG_WARN_COMMA = YES;
				CLANG_WARN_CONSTANT_CONVERSION = YES;
				CLANG_WARN_DEPRECATED_OBJC_IMPLEMENTATIONS = YES;
				CLANG_WARN_DIRECT_OBJC_ISA_USAGE = YES_ERROR;
				CLANG_WARN_DOCUMENTATION_COMMENTS = YES;
				CLANG_WARN_EMPTY_BODY = YES;
				CLANG_WARN_ENUM_CONVERSION = YES;
				CLANG_WARN_INFINITE_RECURSION = YES;
				CLANG_WARN_INT_CONVERSION = YES;
				CLANG_WARN_NON_LITERAL_NULL_CONVERSION = YES;
				CLANG_WARN_OBJC_IMPLICIT_RETAIN_SELF = YES;
				CLANG_WARN_OBJC_LITERAL_CONVERSION = YES;
				CLANG_WARN_OBJC_ROOT_CLASS = YES_ERROR;
				CLANG_WARN_QUOTED_INCLUDE_IN_FRAMEWORK_HEADER = YES;
				CLANG_WARN_RANGE_LOOP_ANALYSIS = YES;
				CLANG_WARN_STRICT_PROTOTYPES = YES;
				CLANG_WARN_SUSPICIOUS_MOVE = YES;
				CLANG_WARN_UNGUARDED_AVAILABILITY = YES_AGGRESSIVE;
				CLANG_WARN_UNREACHABLE_CODE = YES;
				CLANG_WARN__DUPLICATE_METHOD_MATCH = YES;
				COPY_PHASE_STRIP = NO;
				DEBUG_INFORMATION_FORMAT = "dwarf-with-dsym";
				ENABLE_NS_ASSERTIONS = NO;
				ENABLE_STRICT_OBJC_MSGSEND = YES;
				GCC_C_LANGUAGE_STANDARD = gnu11;
				GCC_NO_COMMON_BLOCKS = YES;
				GCC_WARN_64_TO_32_BIT_CONVERSION = YES;
				GCC_WARN_ABOUT_RETURN_TYPE = YES_ERROR;
				GCC_WARN_UNDECLARED_SELECTOR = YES;
				GCC_WARN_UNINITIALIZED_AUTOS = YES_AGGRESSIVE;
				GCC_WARN_UNUSED_FUNCTION = YES;
				GCC_WARN_UNUSED_VARIABLE = YES;
				IPHONEOS_DEPLOYMENT_TARGET = 15.0;
				MTL_ENABLE_DEBUG_INFO = NO;
				MTL_FAST_MATH = YES;
				SDKROOT = iphoneos;
				SWIFT_COMPILATION_MODE = wholemodule;
				SWIFT_OPTIMIZATION_LEVEL = "-O";
				VALIDATE_PRODUCT = YES;
			};
			name = Release;
		};
		F4A5C2BE276D1D7F00AECBC2 /* Debug */ = {
			isa = XCBuildConfiguration;
			buildSettings = {
				ASSETCATALOG_COMPILER_APPICON_NAME = AppIcon;
				ASSETCATALOG_COMPILER_GLOBAL_ACCENT_COLOR_NAME = AccentColor;
				CODE_SIGN_STYLE = Automatic;
				CURRENT_PROJECT_VERSION = 1;
				DEVELOPMENT_TEAM = MB3D25K85N;
				GENERATE_INFOPLIST_FILE = YES;
				INFOPLIST_FILE = GoogleSearch/Info.plist;
				INFOPLIST_KEY_NSMicrophoneUsageDescription = Speech;
				INFOPLIST_KEY_NSSpeechRecognitionUsageDescription = Voice;
				INFOPLIST_KEY_UIApplicationSupportsIndirectInputEvents = YES;
				INFOPLIST_KEY_UILaunchStoryboardName = LaunchScreen;
				INFOPLIST_KEY_UISupportedInterfaceOrientations = UIInterfaceOrientationPortrait;
				INFOPLIST_KEY_UISupportedInterfaceOrientations_iPad = "UIInterfaceOrientationPortrait UIInterfaceOrientationPortraitUpsideDown UIInterfaceOrientationLandscapeLeft UIInterfaceOrientationLandscapeRight";
				INFOPLIST_KEY_UISupportedInterfaceOrientations_iPhone = "UIInterfaceOrientationPortrait UIInterfaceOrientationLandscapeLeft UIInterfaceOrientationLandscapeRight";
				LD_RUNPATH_SEARCH_PATHS = (
					"$(inherited)",
					"@executable_path/Frameworks",
				);
				MARKETING_VERSION = 1.0;
				PRODUCT_BUNDLE_IDENTIFIER = merdevios.GoogleSearch;
				PRODUCT_NAME = "$(TARGET_NAME)";
				SWIFT_EMIT_LOC_STRINGS = YES;
				SWIFT_VERSION = 5.0;
				TARGETED_DEVICE_FAMILY = 1;
			};
			name = Debug;
		};
		F4A5C2BF276D1D7F00AECBC2 /* Release */ = {
			isa = XCBuildConfiguration;
			buildSettings = {
				ASSETCATALOG_COMPILER_APPICON_NAME = AppIcon;
				ASSETCATALOG_COMPILER_GLOBAL_ACCENT_COLOR_NAME = AccentColor;
				CODE_SIGN_STYLE = Automatic;
				CURRENT_PROJECT_VERSION = 1;
				DEVELOPMENT_TEAM = MB3D25K85N;
				GENERATE_INFOPLIST_FILE = YES;
				INFOPLIST_FILE = GoogleSearch/Info.plist;
				INFOPLIST_KEY_NSMicrophoneUsageDescription = Speech;
				INFOPLIST_KEY_NSSpeechRecognitionUsageDescription = Voice;
				INFOPLIST_KEY_UIApplicationSupportsIndirectInputEvents = YES;
				INFOPLIST_KEY_UILaunchStoryboardName = LaunchScreen;
				INFOPLIST_KEY_UISupportedInterfaceOrientations = UIInterfaceOrientationPortrait;
				INFOPLIST_KEY_UISupportedInterfaceOrientations_iPad = "UIInterfaceOrientationPortrait UIInterfaceOrientationPortraitUpsideDown UIInterfaceOrientationLandscapeLeft UIInterfaceOrientationLandscapeRight";
				INFOPLIST_KEY_UISupportedInterfaceOrientations_iPhone = "UIInterfaceOrientationPortrait UIInterfaceOrientationLandscapeLeft UIInterfaceOrientationLandscapeRight";
				LD_RUNPATH_SEARCH_PATHS = (
					"$(inherited)",
					"@executable_path/Frameworks",
				);
				MARKETING_VERSION = 1.0;
				PRODUCT_BUNDLE_IDENTIFIER = merdevios.GoogleSearch;
				PRODUCT_NAME = "$(TARGET_NAME)";
				SWIFT_EMIT_LOC_STRINGS = YES;
				SWIFT_VERSION = 5.0;
				TARGETED_DEVICE_FAMILY = 1;
			};
			name = Release;
		};
/* End XCBuildConfiguration section */

/* Begin XCConfigurationList section */
		F4A5C2A4276D1D7C00AECBC2 /* Build configuration list for PBXProject "GoogleSearch" */ = {
			isa = XCConfigurationList;
			buildConfigurations = (
				F4A5C2BB276D1D7F00AECBC2 /* Debug */,
				F4A5C2BC276D1D7F00AECBC2 /* Release */,
			);
			defaultConfigurationIsVisible = 0;
			defaultConfigurationName = Release;
		};
		F4A5C2BD276D1D7F00AECBC2 /* Build configuration list for PBXNativeTarget "GoogleSearch" */ = {
			isa = XCConfigurationList;
			buildConfigurations = (
				F4A5C2BE276D1D7F00AECBC2 /* Debug */,
				F4A5C2BF276D1D7F00AECBC2 /* Release */,
			);
			defaultConfigurationIsVisible = 0;
			defaultConfigurationName = Release;
		};
/* End XCConfigurationList section */
	};
	rootObject = F4A5C2A1276D1D7C00AECBC2 /* Project object */;
}
